
Microsoft Visual Studio Solution File, Format Version 12.00
# Visual Studio Version 17
VisualStudioVersion = 17.11.35219.272
MinimumVisualStudioVersion = 10.0.40219.1
Project("{FAE04EC0-301F-11D3-BF4B-00C04F79EFBC}") = "RSAAPI", "RSAAPI.csproj", "{FABE6EF7-923D-41D6-8A5A-60748F8DBF74}"
EndProject
Global
	GlobalSection(SolutionConfigurationPlatforms) = preSolution
		Debug|Any CPU = Debug|Any CPU
		Release|Any CPU = Release|Any CPU
	EndGlobalSection
	GlobalSection(ProjectConfigurationPlatforms) = postSolution
		{FABE6EF7-923D-41D6-8A5A-60748F8DBF74}.Debug|Any CPU.ActiveCfg = Debug|Any CPU
		{FABE6EF7-923D-41D6-8A5A-60748F8DBF74}.Debug|Any CPU.Build.0 = Debug|Any CPU
		{FABE6EF7-923D-41D6-8A5A-60748F8DBF74}.Release|Any CPU.ActiveCfg = Release|Any CPU
		{FABE6EF7-923D-41D6-8A5A-60748F8DBF74}.Release|Any CPU.Build.0 = Release|Any CPU
	EndGlobalSection
	GlobalSection(SolutionProperties) = preSolution
		HideSolutionNode = FALSE
	EndGlobalSection
	GlobalSection(ExtensibilityGlobals) = postSolution
		SolutionGuid = {96A99491-2758-463D-9A85-5A83B3049A6E}
	EndGlobalSection
EndGlobal
